# This file is autogenerated, do not edit; changes may be undone by the next 'dep ensure'.


[[projects]]
  branch = "master"
  name = "github.com/shurcooL/httpfs"
  packages = ["vfsutil"]
  revision = "809beceb23714880abc4a382a00c05f89d13b1cc"

[[projects]]
  branch = "master"
  name = "github.com/shurcooL/vfsgen"
  packages = ["."]
  revision = "62bca832be04bd2bcaabd3b68a6b19a7ec044411"

[solve-meta]
  analyzer-name = "dep"
  analyzer-version = 1
  inputs-digest = "0ff74b35823e23f9e9516c9e8a6e9e4a6d6d6a6b8f3039f8bd029d7fbed46259"
  solver-name = "gps-cdcl"
  solver-version = 1
