# This file is autogenerated, do not edit; changes may be undone by the next 'dep ensure'.


[[projects]]
  branch = "master"
  name = "github.com/shurcooL/httpfs"
  packages = [
    "html/vfstemplate",
    "path/vfspath",
    "vfsutil"
  ]
  revision = "809beceb23714880abc4a382a00c05f89d13b1cc"

[[projects]]
  branch = "master"
  name = "github.com/shurcooL/vfsgen"
  packages = ["."]
  revision = "62bca832be04bd2bcaabd3b68a6b19a7ec044411"

[solve-meta]
  analyzer-name = "dep"
  analyzer-version = 1
  inputs-digest = "e059f816d524bb714d19ce33edb14e667f0eeeff095a5f4ae79f70117a8bdafe"
  solver-name = "gps-cdcl"
  solver-version = 1
